{
  "nodes": {
    "bakery": {
      "locked": {
        "lastModified": 1782830450,
        "narHash": "sha256-XlHMzNLr5ZqFJAOEbq9+UWjs+jyGRE3ATGOpGqBtLOs=",
        "owner": "wawwior",
        "repo": "bakery",
        "rev": "908473b3039b397d6f75ad87bc88d4fa1077b012",
        "type": "github"
      },
      "original": {
        "owner": "wawwior",
        "repo": "bakery",
        "type": "github"
      }
    },
    "root": {
      "inputs": {
        "bakery": "bakery"
      }
    }
  },
  "root": "root",
  "version": 7
}
