{
  "nodes": {
    "bakery": {
      "locked": {
        "lastModified": 1782828750,
        "narHash": "sha256-bkKrfipcwPLG6gSonDFnb+3gQXox7H8keV4PtjBMkCQ=",
        "owner": "wawwior",
        "repo": "bakery",
        "rev": "37c7350e65028b91caa47463919667426938c5f4",
        "type": "github"
      },
      "original": {
        "owner": "wawwior",
        "repo": "bakery",
        "type": "github"
      }
    },
    "root": {
      "inputs": {
        "bakery": "bakery"
      }
    }
  },
  "root": "root",
  "version": 7
}
